
Microsoft Visual Studio Solution File, Format Version 12.00
# Visual Studio Version 16
VisualStudioVersion = 16.0.29403.142
MinimumVisualStudioVersion = 10.0.40219.1
Project("{2150E333-8FDC-42A3-9474-1A3956D46DE8}") = "Solution Items", "Solution Items", "{C504B9DD-F103-448C-9818-7141021AD63A}"
	ProjectSection(SolutionItems) = preProject
		..\README.md = ..\README.md
		..\resource-driven-development.md = ..\resource-driven-development.md
		stylecop.json = stylecop.json
	EndProjectSection
EndProject
Project("{2150E333-8FDC-42A3-9474-1A3956D46DE8}") = "Company.Core", "Company.Core", "{E6B9D456-05A0-471A-892D-D993050D172E}"
EndProject
Project("{9A19103F-16F7-4668-BE54-9A1E7A4F7556}") = "PC.Database.Repositories.Tests", "PC.Database.Repositories.Tests\PC.Database.Repositories.Tests.csproj", "{F54E6380-7E5B-4A87-A199-B52394DD7375}"
EndProject
Project("{9A19103F-16F7-4668-BE54-9A1E7A4F7556}") = "Company.IdentityServer", "Company.IdentityServer\Company.IdentityServer.csproj", "{5FE6C63E-049D-432E-820D-2CA727E4F962}"
EndProject
Project("{9A19103F-16F7-4668-BE54-9A1E7A4F7556}") = "Utils", "Utils\Utils.csproj", "{B46417B4-17A1-40B6-B141-22AB5CC8A62D}"
EndProject
Project("{9A19103F-16F7-4668-BE54-9A1E7A4F7556}") = "PC.Database", "PC.Database\PC.Database.csproj", "{B12F94CB-A84F-4DD4-A493-7301831028C5}"
EndProject
Project("{9A19103F-16F7-4668-BE54-9A1E7A4F7556}") = "PC.Models", "PC.Models\PC.Models.csproj", "{5B348B9E-6BB4-4591-9334-2C696AB312FF}"
EndProject
Project("{9A19103F-16F7-4668-BE54-9A1E7A4F7556}") = "PC.Services.Test", "PC.Services.Test\PC.Services.Test.csproj", "{D06CCAE8-7C7C-4F43-A099-C978804022B4}"
EndProject
Project("{9A19103F-16F7-4668-BE54-9A1E7A4F7556}") = "PC.Services", "PC.Services\PC.Services.csproj", "{9EEC271C-01E9-4B7F-80DA-6B0D323A8E8F}"
EndProject
Project("{9A19103F-16F7-4668-BE54-9A1E7A4F7556}") = "Company.Core.Api", "Company.Core.Api\Company.Core.Api.csproj", "{E820792B-616D-4C20-A963-F049F9518E63}"
EndProject
Project("{2150E333-8FDC-42A3-9474-1A3956D46DE8}") = "Shared", "Shared", "{153BD385-CC99-4A43-9422-3DD627C1A5D7}"
EndProject
Project("{9A19103F-16F7-4668-BE54-9A1E7A4F7556}") = "Utils.Test", "Utils.Test\Utils.Test.csproj", "{318BAFFF-BA10-4F3E-9FA2-328808241037}"
EndProject
Project("{2150E333-8FDC-42A3-9474-1A3956D46DE8}") = "WebAppTests", "WebAppTests", "{B895CCD5-FB72-4D1A-9671-738F31304D0D}"
EndProject
Project("{9A19103F-16F7-4668-BE54-9A1E7A4F7556}") = "Company.IdentityServerTest", "Company.IdentityServerTest\Company.IdentityServerTest.csproj", "{C371533B-EA6D-4F2F-AACB-95B0DB436B09}"
EndProject
Project("{9A19103F-16F7-4668-BE54-9A1E7A4F7556}") = "PC.Database.Repositories", "PC.Database.Repositories\PC.Database.Repositories.csproj", "{32E45B9C-F583-4EB0-AA20-FF6601B3E8A1}"
EndProject
Project("{9A19103F-16F7-4668-BE54-9A1E7A4F7556}") = "TestUtils", "TestUtils\TestUtils.csproj", "{C6161212-B4C2-402B-AC4F-FA0FAC507F1C}"
EndProject
Project("{9A19103F-16F7-4668-BE54-9A1E7A4F7556}") = "PC.Models.Test", "PC.Models.Test\PC.Models.Test.csproj", "{D1ACF1D3-01FA-4B07-A132-E7C9DC1320A6}"
EndProject
Project("{9A19103F-16F7-4668-BE54-9A1E7A4F7556}") = "PC.BL", "PC.BL\PC.BL.csproj", "{0B42CC4F-06EC-4225-8196-137801F23284}"
EndProject
Global
	GlobalSection(SolutionConfigurationPlatforms) = preSolution
		Debug|Any CPU = Debug|Any CPU
		Release|Any CPU = Release|Any CPU
	EndGlobalSection
	GlobalSection(ProjectConfigurationPlatforms) = postSolution
		{F54E6380-7E5B-4A87-A199-B52394DD7375}.Debug|Any CPU.ActiveCfg = Debug|Any CPU
		{F54E6380-7E5B-4A87-A199-B52394DD7375}.Debug|Any CPU.Build.0 = Debug|Any CPU
		{F54E6380-7E5B-4A87-A199-B52394DD7375}.Release|Any CPU.ActiveCfg = Release|Any CPU
		{F54E6380-7E5B-4A87-A199-B52394DD7375}.Release|Any CPU.Build.0 = Release|Any CPU
		{5FE6C63E-049D-432E-820D-2CA727E4F962}.Debug|Any CPU.ActiveCfg = Debug|Any CPU
		{5FE6C63E-049D-432E-820D-2CA727E4F962}.Debug|Any CPU.Build.0 = Debug|Any CPU
		{5FE6C63E-049D-432E-820D-2CA727E4F962}.Release|Any CPU.ActiveCfg = Release|Any CPU
		{5FE6C63E-049D-432E-820D-2CA727E4F962}.Release|Any CPU.Build.0 = Release|Any CPU
		{B46417B4-17A1-40B6-B141-22AB5CC8A62D}.Debug|Any CPU.ActiveCfg = Debug|Any CPU
		{B46417B4-17A1-40B6-B141-22AB5CC8A62D}.Debug|Any CPU.Build.0 = Debug|Any CPU
		{B46417B4-17A1-40B6-B141-22AB5CC8A62D}.Release|Any CPU.ActiveCfg = Release|Any CPU
		{B46417B4-17A1-40B6-B141-22AB5CC8A62D}.Release|Any CPU.Build.0 = Release|Any CPU
		{B12F94CB-A84F-4DD4-A493-7301831028C5}.Debug|Any CPU.ActiveCfg = Debug|Any CPU
		{B12F94CB-A84F-4DD4-A493-7301831028C5}.Debug|Any CPU.Build.0 = Debug|Any CPU
		{B12F94CB-A84F-4DD4-A493-7301831028C5}.Release|Any CPU.ActiveCfg = Release|Any CPU
		{B12F94CB-A84F-4DD4-A493-7301831028C5}.Release|Any CPU.Build.0 = Release|Any CPU
		{5B348B9E-6BB4-4591-9334-2C696AB312FF}.Debug|Any CPU.ActiveCfg = Debug|Any CPU
		{5B348B9E-6BB4-4591-9334-2C696AB312FF}.Debug|Any CPU.Build.0 = Debug|Any CPU
		{5B348B9E-6BB4-4591-9334-2C696AB312FF}.Release|Any CPU.ActiveCfg = Release|Any CPU
		{5B348B9E-6BB4-4591-9334-2C696AB312FF}.Release|Any CPU.Build.0 = Release|Any CPU
		{D06CCAE8-7C7C-4F43-A099-C978804022B4}.Debug|Any CPU.ActiveCfg = Debug|Any CPU
		{D06CCAE8-7C7C-4F43-A099-C978804022B4}.Debug|Any CPU.Build.0 = Debug|Any CPU
		{D06CCAE8-7C7C-4F43-A099-C978804022B4}.Release|Any CPU.ActiveCfg = Release|Any CPU
		{D06CCAE8-7C7C-4F43-A099-C978804022B4}.Release|Any CPU.Build.0 = Release|Any CPU
		{9EEC271C-01E9-4B7F-80DA-6B0D323A8E8F}.Debug|Any CPU.ActiveCfg = Debug|Any CPU
		{9EEC271C-01E9-4B7F-80DA-6B0D323A8E8F}.Debug|Any CPU.Build.0 = Debug|Any CPU
		{9EEC271C-01E9-4B7F-80DA-6B0D323A8E8F}.Release|Any CPU.ActiveCfg = Release|Any CPU
		{9EEC271C-01E9-4B7F-80DA-6B0D323A8E8F}.Release|Any CPU.Build.0 = Release|Any CPU
		{E820792B-616D-4C20-A963-F049F9518E63}.Debug|Any CPU.ActiveCfg = Debug|Any CPU
		{E820792B-616D-4C20-A963-F049F9518E63}.Debug|Any CPU.Build.0 = Debug|Any CPU
		{E820792B-616D-4C20-A963-F049F9518E63}.Release|Any CPU.ActiveCfg = Release|Any CPU
		{E820792B-616D-4C20-A963-F049F9518E63}.Release|Any CPU.Build.0 = Release|Any CPU
		{318BAFFF-BA10-4F3E-9FA2-328808241037}.Debug|Any CPU.ActiveCfg = Debug|Any CPU
		{318BAFFF-BA10-4F3E-9FA2-328808241037}.Debug|Any CPU.Build.0 = Debug|Any CPU
		{318BAFFF-BA10-4F3E-9FA2-328808241037}.Release|Any CPU.ActiveCfg = Release|Any CPU
		{318BAFFF-BA10-4F3E-9FA2-328808241037}.Release|Any CPU.Build.0 = Release|Any CPU
		{C371533B-EA6D-4F2F-AACB-95B0DB436B09}.Debug|Any CPU.ActiveCfg = Debug|Any CPU
		{C371533B-EA6D-4F2F-AACB-95B0DB436B09}.Debug|Any CPU.Build.0 = Debug|Any CPU
		{C371533B-EA6D-4F2F-AACB-95B0DB436B09}.Release|Any CPU.ActiveCfg = Release|Any CPU
		{C371533B-EA6D-4F2F-AACB-95B0DB436B09}.Release|Any CPU.Build.0 = Release|Any CPU
		{32E45B9C-F583-4EB0-AA20-FF6601B3E8A1}.Debug|Any CPU.ActiveCfg = Debug|Any CPU
		{32E45B9C-F583-4EB0-AA20-FF6601B3E8A1}.Debug|Any CPU.Build.0 = Debug|Any CPU
		{32E45B9C-F583-4EB0-AA20-FF6601B3E8A1}.Release|Any CPU.ActiveCfg = Release|Any CPU
		{32E45B9C-F583-4EB0-AA20-FF6601B3E8A1}.Release|Any CPU.Build.0 = Release|Any CPU
		{C6161212-B4C2-402B-AC4F-FA0FAC507F1C}.Debug|Any CPU.ActiveCfg = Debug|Any CPU
		{C6161212-B4C2-402B-AC4F-FA0FAC507F1C}.Debug|Any CPU.Build.0 = Debug|Any CPU
		{C6161212-B4C2-402B-AC4F-FA0FAC507F1C}.Release|Any CPU.ActiveCfg = Release|Any CPU
		{C6161212-B4C2-402B-AC4F-FA0FAC507F1C}.Release|Any CPU.Build.0 = Release|Any CPU
		{D1ACF1D3-01FA-4B07-A132-E7C9DC1320A6}.Debug|Any CPU.ActiveCfg = Debug|Any CPU
		{D1ACF1D3-01FA-4B07-A132-E7C9DC1320A6}.Debug|Any CPU.Build.0 = Debug|Any CPU
		{D1ACF1D3-01FA-4B07-A132-E7C9DC1320A6}.Release|Any CPU.ActiveCfg = Release|Any CPU
		{D1ACF1D3-01FA-4B07-A132-E7C9DC1320A6}.Release|Any CPU.Build.0 = Release|Any CPU
		{0B42CC4F-06EC-4225-8196-137801F23284}.Debug|Any CPU.ActiveCfg = Debug|Any CPU
		{0B42CC4F-06EC-4225-8196-137801F23284}.Debug|Any CPU.Build.0 = Debug|Any CPU
		{0B42CC4F-06EC-4225-8196-137801F23284}.Release|Any CPU.ActiveCfg = Release|Any CPU
		{0B42CC4F-06EC-4225-8196-137801F23284}.Release|Any CPU.Build.0 = Release|Any CPU
	EndGlobalSection
	GlobalSection(SolutionProperties) = preSolution
		HideSolutionNode = FALSE
	EndGlobalSection
	GlobalSection(NestedProjects) = preSolution
		{F54E6380-7E5B-4A87-A199-B52394DD7375} = {E6B9D456-05A0-471A-892D-D993050D172E}
		{B46417B4-17A1-40B6-B141-22AB5CC8A62D} = {153BD385-CC99-4A43-9422-3DD627C1A5D7}
		{B12F94CB-A84F-4DD4-A493-7301831028C5} = {E6B9D456-05A0-471A-892D-D993050D172E}
		{5B348B9E-6BB4-4591-9334-2C696AB312FF} = {E6B9D456-05A0-471A-892D-D993050D172E}
		{D06CCAE8-7C7C-4F43-A099-C978804022B4} = {E6B9D456-05A0-471A-892D-D993050D172E}
		{9EEC271C-01E9-4B7F-80DA-6B0D323A8E8F} = {E6B9D456-05A0-471A-892D-D993050D172E}
		{318BAFFF-BA10-4F3E-9FA2-328808241037} = {153BD385-CC99-4A43-9422-3DD627C1A5D7}
		{C371533B-EA6D-4F2F-AACB-95B0DB436B09} = {B895CCD5-FB72-4D1A-9671-738F31304D0D}
		{32E45B9C-F583-4EB0-AA20-FF6601B3E8A1} = {E6B9D456-05A0-471A-892D-D993050D172E}
		{C6161212-B4C2-402B-AC4F-FA0FAC507F1C} = {153BD385-CC99-4A43-9422-3DD627C1A5D7}
		{D1ACF1D3-01FA-4B07-A132-E7C9DC1320A6} = {E6B9D456-05A0-471A-892D-D993050D172E}
		{0B42CC4F-06EC-4225-8196-137801F23284} = {E6B9D456-05A0-471A-892D-D993050D172E}
	EndGlobalSection
	GlobalSection(ExtensibilityGlobals) = postSolution
		SolutionGuid = {A876EB70-4183-4A50-BCA7-D108E48BB402}
	EndGlobalSection
EndGlobal
